
Microsoft Visual Studio Solution File, Format Version 12.00
# Visual Studio 14
VisualStudioVersion = 14.0.25123.0
MinimumVisualStudioVersion = 10.0.40219.1
Project("{FAE04EC0-301F-11D3-BF4B-00C04F79EFBC}") = "empfehlungsbund.Droid", "empfehlungsbund\empfehlungsbund.Droid\empfehlungsbund.Droid.csproj", "{CCF994C3-30FF-4781-9EFD-6D2EBB4995AD}"
EndProject
Project("{FAE04EC0-301F-11D3-BF4B-00C04F79EFBC}") = "empfehlungsbund.iOS", "empfehlungsbund\empfehlungsbund.iOS\empfehlungsbund.iOS.csproj", "{B4B29235-ABCA-42F8-9E24-2BA2E2A5BB58}"
EndProject
Project("{FAE04EC0-301F-11D3-BF4B-00C04F79EFBC}") = "empfehlungsbund.WinPhone", "empfehlungsbund\empfehlungsbund.WinPhone\empfehlungsbund.WinPhone.csproj", "{CA17989A-362E-48CB-B06F-DB3AC9081F06}"
EndProject
Project("{FAE04EC0-301F-11D3-BF4B-00C04F79EFBC}") = "empfehlungsbund.Windows", "empfehlungsbund\empfehlungsbund.Windows\empfehlungsbund.Windows.csproj", "{9E8F500D-2A38-4A35-9F22-2833E2DF690D}"
EndProject
Project("{FAE04EC0-301F-11D3-BF4B-00C04F79EFBC}") = "empfehlungsbund", "empfehlungsbund\empfehlungsbund\empfehlungsbund.csproj", "{F13E702F-D590-438A-8840-71BC71643CA8}"
EndProject
Global
	GlobalSection(SolutionConfigurationPlatforms) = preSolution
		Ad-Hoc|Any CPU = Ad-Hoc|Any CPU
		Ad-Hoc|ARM = Ad-Hoc|ARM
		Ad-Hoc|iPhone = Ad-Hoc|iPhone
		Ad-Hoc|iPhoneSimulator = Ad-Hoc|iPhoneSimulator
		Ad-Hoc|x64 = Ad-Hoc|x64
		Ad-Hoc|x86 = Ad-Hoc|x86
		AppStore|Any CPU = AppStore|Any CPU
		AppStore|ARM = AppStore|ARM
		AppStore|iPhone = AppStore|iPhone
		AppStore|iPhoneSimulator = AppStore|iPhoneSimulator
		AppStore|x64 = AppStore|x64
		AppStore|x86 = AppStore|x86
		Debug|Any CPU = Debug|Any CPU
		Debug|ARM = Debug|ARM
		Debug|iPhone = Debug|iPhone
		Debug|iPhoneSimulator = Debug|iPhoneSimulator
		Debug|x64 = Debug|x64
		Debug|x86 = Debug|x86
		Release|Any CPU = Release|Any CPU
		Release|ARM = Release|ARM
		Release|iPhone = Release|iPhone
		Release|iPhoneSimulator = Release|iPhoneSimulator
		Release|x64 = Release|x64
		Release|x86 = Release|x86
	EndGlobalSection
	GlobalSection(ProjectConfigurationPlatforms) = postSolution
		{CCF994C3-30FF-4781-9EFD-6D2EBB4995AD}.Ad-Hoc|Any CPU.ActiveCfg = Release|Any CPU
		{CCF994C3-30FF-4781-9EFD-6D2EBB4995AD}.Ad-Hoc|Any CPU.Build.0 = Release|Any CPU
		{CCF994C3-30FF-4781-9EFD-6D2EBB4995AD}.Ad-Hoc|Any CPU.Deploy.0 = Release|Any CPU
		{CCF994C3-30FF-4781-9EFD-6D2EBB4995AD}.Ad-Hoc|ARM.ActiveCfg = Release|Any CPU
		{CCF994C3-30FF-4781-9EFD-6D2EBB4995AD}.Ad-Hoc|ARM.Build.0 = Release|Any CPU
		{CCF994C3-30FF-4781-9EFD-6D2EBB4995AD}.Ad-Hoc|ARM.Deploy.0 = Release|Any CPU
		{CCF994C3-30FF-4781-9EFD-6D2EBB4995AD}.Ad-Hoc|iPhone.ActiveCfg = Release|Any CPU
		{CCF994C3-30FF-4781-9EFD-6D2EBB4995AD}.Ad-Hoc|iPhone.Build.0 = Release|Any CPU
		{CCF994C3-30FF-4781-9EFD-6D2EBB4995AD}.Ad-Hoc|iPhone.Deploy.0 = Release|Any CPU
		{CCF994C3-30FF-4781-9EFD-6D2EBB4995AD}.Ad-Hoc|iPhoneSimulator.ActiveCfg = Release|Any CPU
		{CCF994C3-30FF-4781-9EFD-6D2EBB4995AD}.Ad-Hoc|iPhoneSimulator.Build.0 = Release|Any CPU
		{CCF994C3-30FF-4781-9EFD-6D2EBB4995AD}.Ad-Hoc|iPhoneSimulator.Deploy.0 = Release|Any CPU
		{CCF994C3-30FF-4781-9EFD-6D2EBB4995AD}.Ad-Hoc|x64.ActiveCfg = Release|Any CPU
		{CCF994C3-30FF-4781-9EFD-6D2EBB4995AD}.Ad-Hoc|x64.Build.0 = Release|Any CPU
		{CCF994C3-30FF-4781-9EFD-6D2EBB4995AD}.Ad-Hoc|x64.Deploy.0 = Release|Any CPU
		{CCF994C3-30FF-4781-9EFD-6D2EBB4995AD}.Ad-Hoc|x86.ActiveCfg = Release|Any CPU
		{CCF994C3-30FF-4781-9EFD-6D2EBB4995AD}.Ad-Hoc|x86.Build.0 = Release|Any CPU
		{CCF994C3-30FF-4781-9EFD-6D2EBB4995AD}.Ad-Hoc|x86.Deploy.0 = Release|Any CPU
		{CCF994C3-30FF-4781-9EFD-6D2EBB4995AD}.AppStore|Any CPU.ActiveCfg = Release|Any CPU
		{CCF994C3-30FF-4781-9EFD-6D2EBB4995AD}.AppStore|Any CPU.Build.0 = Release|Any CPU
		{CCF994C3-30FF-4781-9EFD-6D2EBB4995AD}.AppStore|Any CPU.Deploy.0 = Release|Any CPU
		{CCF994C3-30FF-4781-9EFD-6D2EBB4995AD}.AppStore|ARM.ActiveCfg = Release|Any CPU
		{CCF994C3-30FF-4781-9EFD-6D2EBB4995AD}.AppStore|ARM.Build.0 = Release|Any CPU
		{CCF994C3-30FF-4781-9EFD-6D2EBB4995AD}.AppStore|ARM.Deploy.0 = Release|Any CPU
		{CCF994C3-30FF-4781-9EFD-6D2EBB4995AD}.AppStore|iPhone.ActiveCfg = Release|Any CPU
		{CCF994C3-30FF-4781-9EFD-6D2EBB4995AD}.AppStore|iPhone.Build.0 = Release|Any CPU
		{CCF994C3-30FF-4781-9EFD-6D2EBB4995AD}.AppStore|iPhone.Deploy.0 = Release|Any CPU
		{CCF994C3-30FF-4781-9EFD-6D2EBB4995AD}.AppStore|iPhoneSimulator.ActiveCfg = Release|Any CPU
		{CCF994C3-30FF-4781-9EFD-6D2EBB4995AD}.AppStore|iPhoneSimulator.Build.0 = Release|Any CPU
		{CCF994C3-30FF-4781-9EFD-6D2EBB4995AD}.AppStore|iPhoneSimulator.Deploy.0 = Release|Any CPU
		{CCF994C3-30FF-4781-9EFD-6D2EBB4995AD}.AppStore|x64.ActiveCfg = Release|Any CPU
		{CCF994C3-30FF-4781-9EFD-6D2EBB4995AD}.AppStore|x64.Build.0 = Release|Any CPU
		{CCF994C3-30FF-4781-9EFD-6D2EBB4995AD}.AppStore|x64.Deploy.0 = Release|Any CPU
		{CCF994C3-30FF-4781-9EFD-6D2EBB4995AD}.AppStore|x86.ActiveCfg = Release|Any CPU
		{CCF994C3-30FF-4781-9EFD-6D2EBB4995AD}.AppStore|x86.Build.0 = Release|Any CPU
		{CCF994C3-30FF-4781-9EFD-6D2EBB4995AD}.AppStore|x86.Deploy.0 = Release|Any CPU
		{CCF994C3-30FF-4781-9EFD-6D2EBB4995AD}.Debug|Any CPU.ActiveCfg = Debug|Any CPU
		{CCF994C3-30FF-4781-9EFD-6D2EBB4995AD}.Debug|Any CPU.Build.0 = Debug|Any CPU
		{CCF994C3-30FF-4781-9EFD-6D2EBB4995AD}.Debug|Any CPU.Deploy.0 = Debug|Any CPU
		{CCF994C3-30FF-4781-9EFD-6D2EBB4995AD}.Debug|ARM.ActiveCfg = Debug|Any CPU
		{CCF994C3-30FF-4781-9EFD-6D2EBB4995AD}.Debug|ARM.Build.0 = Debug|Any CPU
		{CCF994C3-30FF-4781-9EFD-6D2EBB4995AD}.Debug|ARM.Deploy.0 = Debug|Any CPU
		{CCF994C3-30FF-4781-9EFD-6D2EBB4995AD}.Debug|iPhone.ActiveCfg = Debug|Any CPU
		{CCF994C3-30FF-4781-9EFD-6D2EBB4995AD}.Debug|iPhone.Build.0 = Debug|Any CPU
		{CCF994C3-30FF-4781-9EFD-6D2EBB4995AD}.Debug|iPhone.Deploy.0 = Debug|Any CPU
		{CCF994C3-30FF-4781-9EFD-6D2EBB4995AD}.Debug|iPhoneSimulator.ActiveCfg = Debug|Any CPU
		{CCF994C3-30FF-4781-9EFD-6D2EBB4995AD}.Debug|iPhoneSimulator.Build.0 = Debug|Any CPU
		{CCF994C3-30FF-4781-9EFD-6D2EBB4995AD}.Debug|iPhoneSimulator.Deploy.0 = Debug|Any CPU
		{CCF994C3-30FF-4781-9EFD-6D2EBB4995AD}.Debug|x64.ActiveCfg = Debug|Any CPU
		{CCF994C3-30FF-4781-9EFD-6D2EBB4995AD}.Debug|x64.Build.0 = Debug|Any CPU
		{CCF994C3-30FF-4781-9EFD-6D2EBB4995AD}.Debug|x64.Deploy.0 = Debug|Any CPU
		{CCF994C3-30FF-4781-9EFD-6D2EBB4995AD}.Debug|x86.ActiveCfg = Debug|Any CPU
		{CCF994C3-30FF-4781-9EFD-6D2EBB4995AD}.Debug|x86.Build.0 = Debug|Any CPU
		{CCF994C3-30FF-4781-9EFD-6D2EBB4995AD}.Debug|x86.Deploy.0 = Debug|Any CPU
		{CCF994C3-30FF-4781-9EFD-6D2EBB4995AD}.Release|Any CPU.ActiveCfg = Release|Any CPU
		{CCF994C3-30FF-4781-9EFD-6D2EBB4995AD}.Release|Any CPU.Build.0 = Release|Any CPU
		{CCF994C3-30FF-4781-9EFD-6D2EBB4995AD}.Release|Any CPU.Deploy.0 = Release|Any CPU
		{CCF994C3-30FF-4781-9EFD-6D2EBB4995AD}.Release|ARM.ActiveCfg = Release|Any CPU
		{CCF994C3-30FF-4781-9EFD-6D2EBB4995AD}.Release|ARM.Build.0 = Release|Any CPU
		{CCF994C3-30FF-4781-9EFD-6D2EBB4995AD}.Release|ARM.Deploy.0 = Release|Any CPU
		{CCF994C3-30FF-4781-9EFD-6D2EBB4995AD}.Release|iPhone.ActiveCfg = Release|Any CPU
		{CCF994C3-30FF-4781-9EFD-6D2EBB4995AD}.Release|iPhone.Build.0 = Release|Any CPU
		{CCF994C3-30FF-4781-9EFD-6D2EBB4995AD}.Release|iPhone.Deploy.0 = Release|Any CPU
		{CCF994C3-30FF-4781-9EFD-6D2EBB4995AD}.Release|iPhoneSimulator.ActiveCfg = Release|Any CPU
		{CCF994C3-30FF-4781-9EFD-6D2EBB4995AD}.Release|iPhoneSimulator.Build.0 = Release|Any CPU
		{CCF994C3-30FF-4781-9EFD-6D2EBB4995AD}.Release|iPhoneSimulator.Deploy.0 = Release|Any CPU
		{CCF994C3-30FF-4781-9EFD-6D2EBB4995AD}.Release|x64.ActiveCfg = Release|Any CPU
		{CCF994C3-30FF-4781-9EFD-6D2EBB4995AD}.Release|x64.Build.0 = Release|Any CPU
		{CCF994C3-30FF-4781-9EFD-6D2EBB4995AD}.Release|x64.Deploy.0 = Release|Any CPU
		{CCF994C3-30FF-4781-9EFD-6D2EBB4995AD}.Release|x86.ActiveCfg = Release|Any CPU
		{CCF994C3-30FF-4781-9EFD-6D2EBB4995AD}.Release|x86.Build.0 = Release|Any CPU
		{CCF994C3-30FF-4781-9EFD-6D2EBB4995AD}.Release|x86.Deploy.0 = Release|Any CPU
		{B4B29235-ABCA-42F8-9E24-2BA2E2A5BB58}.Ad-Hoc|Any CPU.ActiveCfg = Ad-Hoc|iPhone
		{B4B29235-ABCA-42F8-9E24-2BA2E2A5BB58}.Ad-Hoc|ARM.ActiveCfg = Ad-Hoc|iPhone
		{B4B29235-ABCA-42F8-9E24-2BA2E2A5BB58}.Ad-Hoc|iPhone.ActiveCfg = Ad-Hoc|iPhone
		{B4B29235-ABCA-42F8-9E24-2BA2E2A5BB58}.Ad-Hoc|iPhone.Build.0 = Ad-Hoc|iPhone
		{B4B29235-ABCA-42F8-9E24-2BA2E2A5BB58}.Ad-Hoc|iPhoneSimulator.ActiveCfg = Ad-Hoc|iPhoneSimulator
		{B4B29235-ABCA-42F8-9E24-2BA2E2A5BB58}.Ad-Hoc|iPhoneSimulator.Build.0 = Ad-Hoc|iPhoneSimulator
		{B4B29235-ABCA-42F8-9E24-2BA2E2A5BB58}.Ad-Hoc|x64.ActiveCfg = Ad-Hoc|iPhone
		{B4B29235-ABCA-42F8-9E24-2BA2E2A5BB58}.Ad-Hoc|x86.ActiveCfg = Ad-Hoc|iPhone
		{B4B29235-ABCA-42F8-9E24-2BA2E2A5BB58}.AppStore|Any CPU.ActiveCfg = AppStore|iPhone
		{B4B29235-ABCA-42F8-9E24-2BA2E2A5BB58}.AppStore|ARM.ActiveCfg = AppStore|iPhone
		{B4B29235-ABCA-42F8-9E24-2BA2E2A5BB58}.AppStore|iPhone.ActiveCfg = AppStore|iPhone
		{B4B29235-ABCA-42F8-9E24-2BA2E2A5BB58}.AppStore|iPhone.Build.0 = AppStore|iPhone
		{B4B29235-ABCA-42F8-9E24-2BA2E2A5BB58}.AppStore|iPhoneSimulator.ActiveCfg = AppStore|iPhoneSimulator
		{B4B29235-ABCA-42F8-9E24-2BA2E2A5BB58}.AppStore|iPhoneSimulator.Build.0 = AppStore|iPhoneSimulator
		{B4B29235-ABCA-42F8-9E24-2BA2E2A5BB58}.AppStore|x64.ActiveCfg = AppStore|iPhone
		{B4B29235-ABCA-42F8-9E24-2BA2E2A5BB58}.AppStore|x86.ActiveCfg = AppStore|iPhone
		{B4B29235-ABCA-42F8-9E24-2BA2E2A5BB58}.Debug|Any CPU.ActiveCfg = Debug|iPhone
		{B4B29235-ABCA-42F8-9E24-2BA2E2A5BB58}.Debug|ARM.ActiveCfg = Debug|iPhone
		{B4B29235-ABCA-42F8-9E24-2BA2E2A5BB58}.Debug|iPhone.ActiveCfg = Debug|iPhone
		{B4B29235-ABCA-42F8-9E24-2BA2E2A5BB58}.Debug|iPhone.Build.0 = Debug|iPhone
		{B4B29235-ABCA-42F8-9E24-2BA2E2A5BB58}.Debug|iPhoneSimulator.ActiveCfg = Debug|iPhoneSimulator
		{B4B29235-ABCA-42F8-9E24-2BA2E2A5BB58}.Debug|iPhoneSimulator.Build.0 = Debug|iPhoneSimulator
		{B4B29235-ABCA-42F8-9E24-2BA2E2A5BB58}.Debug|x64.ActiveCfg = Debug|iPhone
		{B4B29235-ABCA-42F8-9E24-2BA2E2A5BB58}.Debug|x86.ActiveCfg = Debug|iPhone
		{B4B29235-ABCA-42F8-9E24-2BA2E2A5BB58}.Release|Any CPU.ActiveCfg = Release|iPhone
		{B4B29235-ABCA-42F8-9E24-2BA2E2A5BB58}.Release|ARM.ActiveCfg = Release|iPhone
		{B4B29235-ABCA-42F8-9E24-2BA2E2A5BB58}.Release|iPhone.ActiveCfg = Release|iPhone
		{B4B29235-ABCA-42F8-9E24-2BA2E2A5BB58}.Release|iPhone.Build.0 = Release|iPhone
		{B4B29235-ABCA-42F8-9E24-2BA2E2A5BB58}.Release|iPhoneSimulator.ActiveCfg = Release|iPhoneSimulator
		{B4B29235-ABCA-42F8-9E24-2BA2E2A5BB58}.Release|iPhoneSimulator.Build.0 = Release|iPhoneSimulator
		{B4B29235-ABCA-42F8-9E24-2BA2E2A5BB58}.Release|x64.ActiveCfg = Release|iPhone
		{B4B29235-ABCA-42F8-9E24-2BA2E2A5BB58}.Release|x86.ActiveCfg = Release|iPhone
		{CA17989A-362E-48CB-B06F-DB3AC9081F06}.Ad-Hoc|Any CPU.ActiveCfg = Release|Any CPU
		{CA17989A-362E-48CB-B06F-DB3AC9081F06}.Ad-Hoc|Any CPU.Build.0 = Release|Any CPU
		{CA17989A-362E-48CB-B06F-DB3AC9081F06}.Ad-Hoc|Any CPU.Deploy.0 = Release|Any CPU
		{CA17989A-362E-48CB-B06F-DB3AC9081F06}.Ad-Hoc|ARM.ActiveCfg = Release|ARM
		{CA17989A-362E-48CB-B06F-DB3AC9081F06}.Ad-Hoc|ARM.Build.0 = Release|ARM
		{CA17989A-362E-48CB-B06F-DB3AC9081F06}.Ad-Hoc|ARM.Deploy.0 = Release|ARM
		{CA17989A-362E-48CB-B06F-DB3AC9081F06}.Ad-Hoc|iPhone.ActiveCfg = Release|Any CPU
		{CA17989A-362E-48CB-B06F-DB3AC9081F06}.Ad-Hoc|iPhone.Build.0 = Release|Any CPU
		{CA17989A-362E-48CB-B06F-DB3AC9081F06}.Ad-Hoc|iPhone.Deploy.0 = Release|Any CPU
		{CA17989A-362E-48CB-B06F-DB3AC9081F06}.Ad-Hoc|iPhoneSimulator.ActiveCfg = Release|Any CPU
		{CA17989A-362E-48CB-B06F-DB3AC9081F06}.Ad-Hoc|iPhoneSimulator.Build.0 = Release|Any CPU
		{CA17989A-362E-48CB-B06F-DB3AC9081F06}.Ad-Hoc|iPhoneSimulator.Deploy.0 = Release|Any CPU
		{CA17989A-362E-48CB-B06F-DB3AC9081F06}.Ad-Hoc|x64.ActiveCfg = Release|Any CPU
		{CA17989A-362E-48CB-B06F-DB3AC9081F06}.Ad-Hoc|x64.Build.0 = Release|Any CPU
		{CA17989A-362E-48CB-B06F-DB3AC9081F06}.Ad-Hoc|x64.Deploy.0 = Release|Any CPU
		{CA17989A-362E-48CB-B06F-DB3AC9081F06}.Ad-Hoc|x86.ActiveCfg = Release|x86
		{CA17989A-362E-48CB-B06F-DB3AC9081F06}.Ad-Hoc|x86.Build.0 = Release|x86
		{CA17989A-362E-48CB-B06F-DB3AC9081F06}.Ad-Hoc|x86.Deploy.0 = Release|x86
		{CA17989A-362E-48CB-B06F-DB3AC9081F06}.AppStore|Any CPU.ActiveCfg = Release|Any CPU
		{CA17989A-362E-48CB-B06F-DB3AC9081F06}.AppStore|Any CPU.Build.0 = Release|Any CPU
		{CA17989A-362E-48CB-B06F-DB3AC9081F06}.AppStore|Any CPU.Deploy.0 = Release|Any CPU
		{CA17989A-362E-48CB-B06F-DB3AC9081F06}.AppStore|ARM.ActiveCfg = Release|ARM
		{CA17989A-362E-48CB-B06F-DB3AC9081F06}.AppStore|ARM.Build.0 = Release|ARM
		{CA17989A-362E-48CB-B06F-DB3AC9081F06}.AppStore|ARM.Deploy.0 = Release|ARM
		{CA17989A-362E-48CB-B06F-DB3AC9081F06}.AppStore|iPhone.ActiveCfg = Release|Any CPU
		{CA17989A-362E-48CB-B06F-DB3AC9081F06}.AppStore|iPhone.Build.0 = Release|Any CPU
		{CA17989A-362E-48CB-B06F-DB3AC9081F06}.AppStore|iPhone.Deploy.0 = Release|Any CPU
		{CA17989A-362E-48CB-B06F-DB3AC9081F06}.AppStore|iPhoneSimulator.ActiveCfg = Release|Any CPU
		{CA17989A-362E-48CB-B06F-DB3AC9081F06}.AppStore|iPhoneSimulator.Build.0 = Release|Any CPU
		{CA17989A-362E-48CB-B06F-DB3AC9081F06}.AppStore|iPhoneSimulator.Deploy.0 = Release|Any CPU
		{CA17989A-362E-48CB-B06F-DB3AC9081F06}.AppStore|x64.ActiveCfg = Release|Any CPU
		{CA17989A-362E-48CB-B06F-DB3AC9081F06}.AppStore|x64.Build.0 = Release|Any CPU
		{CA17989A-362E-48CB-B06F-DB3AC9081F06}.AppStore|x64.Deploy.0 = Release|Any CPU
		{CA17989A-362E-48CB-B06F-DB3AC9081F06}.AppStore|x86.ActiveCfg = Release|x86
		{CA17989A-362E-48CB-B06F-DB3AC9081F06}.AppStore|x86.Build.0 = Release|x86
		{CA17989A-362E-48CB-B06F-DB3AC9081F06}.AppStore|x86.Deploy.0 = Release|x86
		{CA17989A-362E-48CB-B06F-DB3AC9081F06}.Debug|Any CPU.ActiveCfg = Debug|Any CPU
		{CA17989A-362E-48CB-B06F-DB3AC9081F06}.Debug|Any CPU.Build.0 = Debug|Any CPU
		{CA17989A-362E-48CB-B06F-DB3AC9081F06}.Debug|Any CPU.Deploy.0 = Debug|Any CPU
		{CA17989A-362E-48CB-B06F-DB3AC9081F06}.Debug|ARM.ActiveCfg = Debug|ARM
		{CA17989A-362E-48CB-B06F-DB3AC9081F06}.Debug|ARM.Build.0 = Debug|ARM
		{CA17989A-362E-48CB-B06F-DB3AC9081F06}.Debug|ARM.Deploy.0 = Debug|ARM
		{CA17989A-362E-48CB-B06F-DB3AC9081F06}.Debug|iPhone.ActiveCfg = Debug|Any CPU
		{CA17989A-362E-48CB-B06F-DB3AC9081F06}.Debug|iPhone.Build.0 = Debug|Any CPU
		{CA17989A-362E-48CB-B06F-DB3AC9081F06}.Debug|iPhone.Deploy.0 = Debug|Any CPU
		{CA17989A-362E-48CB-B06F-DB3AC9081F06}.Debug|iPhoneSimulator.ActiveCfg = Debug|Any CPU
		{CA17989A-362E-48CB-B06F-DB3AC9081F06}.Debug|iPhoneSimulator.Build.0 = Debug|Any CPU
		{CA17989A-362E-48CB-B06F-DB3AC9081F06}.Debug|iPhoneSimulator.Deploy.0 = Debug|Any CPU
		{CA17989A-362E-48CB-B06F-DB3AC9081F06}.Debug|x64.ActiveCfg = Debug|Any CPU
		{CA17989A-362E-48CB-B06F-DB3AC9081F06}.Debug|x64.Build.0 = Debug|Any CPU
		{CA17989A-362E-48CB-B06F-DB3AC9081F06}.Debug|x64.Deploy.0 = Debug|Any CPU
		{CA17989A-362E-48CB-B06F-DB3AC9081F06}.Debug|x86.ActiveCfg = Debug|x86
		{CA17989A-362E-48CB-B06F-DB3AC9081F06}.Debug|x86.Build.0 = Debug|x86
		{CA17989A-362E-48CB-B06F-DB3AC9081F06}.Debug|x86.Deploy.0 = Debug|x86
		{CA17989A-362E-48CB-B06F-DB3AC9081F06}.Release|Any CPU.ActiveCfg = Release|Any CPU
		{CA17989A-362E-48CB-B06F-DB3AC9081F06}.Release|Any CPU.Build.0 = Release|Any CPU
		{CA17989A-362E-48CB-B06F-DB3AC9081F06}.Release|Any CPU.Deploy.0 = Release|Any CPU
		{CA17989A-362E-48CB-B06F-DB3AC9081F06}.Release|ARM.ActiveCfg = Release|ARM
		{CA17989A-362E-48CB-B06F-DB3AC9081F06}.Release|ARM.Build.0 = Release|ARM
		{CA17989A-362E-48CB-B06F-DB3AC9081F06}.Release|ARM.Deploy.0 = Release|ARM
		{CA17989A-362E-48CB-B06F-DB3AC9081F06}.Release|iPhone.ActiveCfg = Release|Any CPU
		{CA17989A-362E-48CB-B06F-DB3AC9081F06}.Release|iPhone.Build.0 = Release|Any CPU
		{CA17989A-362E-48CB-B06F-DB3AC9081F06}.Release|iPhone.Deploy.0 = Release|Any CPU
		{CA17989A-362E-48CB-B06F-DB3AC9081F06}.Release|iPhoneSimulator.ActiveCfg = Release|Any CPU
		{CA17989A-362E-48CB-B06F-DB3AC9081F06}.Release|iPhoneSimulator.Build.0 = Release|Any CPU
		{CA17989A-362E-48CB-B06F-DB3AC9081F06}.Release|iPhoneSimulator.Deploy.0 = Release|Any CPU
		{CA17989A-362E-48CB-B06F-DB3AC9081F06}.Release|x64.ActiveCfg = Release|Any CPU
		{CA17989A-362E-48CB-B06F-DB3AC9081F06}.Release|x64.Build.0 = Release|Any CPU
		{CA17989A-362E-48CB-B06F-DB3AC9081F06}.Release|x64.Deploy.0 = Release|Any CPU
		{CA17989A-362E-48CB-B06F-DB3AC9081F06}.Release|x86.ActiveCfg = Release|x86
		{CA17989A-362E-48CB-B06F-DB3AC9081F06}.Release|x86.Build.0 = Release|x86
		{CA17989A-362E-48CB-B06F-DB3AC9081F06}.Release|x86.Deploy.0 = Release|x86
		{9E8F500D-2A38-4A35-9F22-2833E2DF690D}.Ad-Hoc|Any CPU.ActiveCfg = Release|Any CPU
		{9E8F500D-2A38-4A35-9F22-2833E2DF690D}.Ad-Hoc|Any CPU.Build.0 = Release|Any CPU
		{9E8F500D-2A38-4A35-9F22-2833E2DF690D}.Ad-Hoc|Any CPU.Deploy.0 = Release|Any CPU
		{9E8F500D-2A38-4A35-9F22-2833E2DF690D}.Ad-Hoc|ARM.ActiveCfg = Release|ARM
		{9E8F500D-2A38-4A35-9F22-2833E2DF690D}.Ad-Hoc|ARM.Build.0 = Release|ARM
		{9E8F500D-2A38-4A35-9F22-2833E2DF690D}.Ad-Hoc|ARM.Deploy.0 = Release|ARM
		{9E8F500D-2A38-4A35-9F22-2833E2DF690D}.Ad-Hoc|iPhone.ActiveCfg = Release|Any CPU
		{9E8F500D-2A38-4A35-9F22-2833E2DF690D}.Ad-Hoc|iPhone.Build.0 = Release|Any CPU
		{9E8F500D-2A38-4A35-9F22-2833E2DF690D}.Ad-Hoc|iPhone.Deploy.0 = Release|Any CPU
		{9E8F500D-2A38-4A35-9F22-2833E2DF690D}.Ad-Hoc|iPhoneSimulator.ActiveCfg = Release|Any CPU
		{9E8F500D-2A38-4A35-9F22-2833E2DF690D}.Ad-Hoc|iPhoneSimulator.Build.0 = Release|Any CPU
		{9E8F500D-2A38-4A35-9F22-2833E2DF690D}.Ad-Hoc|iPhoneSimulator.Deploy.0 = Release|Any CPU
		{9E8F500D-2A38-4A35-9F22-2833E2DF690D}.Ad-Hoc|x64.ActiveCfg = Release|x64
		{9E8F500D-2A38-4A35-9F22-2833E2DF690D}.Ad-Hoc|x64.Build.0 = Release|x64
		{9E8F500D-2A38-4A35-9F22-2833E2DF690D}.Ad-Hoc|x64.Deploy.0 = Release|x64
		{9E8F500D-2A38-4A35-9F22-2833E2DF690D}.Ad-Hoc|x86.ActiveCfg = Release|x86
		{9E8F500D-2A38-4A35-9F22-2833E2DF690D}.Ad-Hoc|x86.Build.0 = Release|x86
		{9E8F500D-2A38-4A35-9F22-2833E2DF690D}.Ad-Hoc|x86.Deploy.0 = Release|x86
		{9E8F500D-2A38-4A35-9F22-2833E2DF690D}.AppStore|Any CPU.ActiveCfg = Release|Any CPU
		{9E8F500D-2A38-4A35-9F22-2833E2DF690D}.AppStore|Any CPU.Build.0 = Release|Any CPU
		{9E8F500D-2A38-4A35-9F22-2833E2DF690D}.AppStore|Any CPU.Deploy.0 = Release|Any CPU
		{9E8F500D-2A38-4A35-9F22-2833E2DF690D}.AppStore|ARM.ActiveCfg = Release|ARM
		{9E8F500D-2A38-4A35-9F22-2833E2DF690D}.AppStore|ARM.Build.0 = Release|ARM
		{9E8F500D-2A38-4A35-9F22-2833E2DF690D}.AppStore|ARM.Deploy.0 = Release|ARM
		{9E8F500D-2A38-4A35-9F22-2833E2DF690D}.AppStore|iPhone.ActiveCfg = Release|Any CPU
		{9E8F500D-2A38-4A35-9F22-2833E2DF690D}.AppStore|iPhone.Build.0 = Release|Any CPU
		{9E8F500D-2A38-4A35-9F22-2833E2DF690D}.AppStore|iPhone.Deploy.0 = Release|Any CPU
		{9E8F500D-2A38-4A35-9F22-2833E2DF690D}.AppStore|iPhoneSimulator.ActiveCfg = Release|Any CPU
		{9E8F500D-2A38-4A35-9F22-2833E2DF690D}.AppStore|iPhoneSimulator.Build.0 = Release|Any CPU
		{9E8F500D-2A38-4A35-9F22-2833E2DF690D}.AppStore|iPhoneSimulator.Deploy.0 = Release|Any CPU
		{9E8F500D-2A38-4A35-9F22-2833E2DF690D}.AppStore|x64.ActiveCfg = Release|x64
		{9E8F500D-2A38-4A35-9F22-2833E2DF690D}.AppStore|x64.Build.0 = Release|x64
		{9E8F500D-2A38-4A35-9F22-2833E2DF690D}.AppStore|x64.Deploy.0 = Release|x64
		{9E8F500D-2A38-4A35-9F22-2833E2DF690D}.AppStore|x86.ActiveCfg = Release|x86
		{9E8F500D-2A38-4A35-9F22-2833E2DF690D}.AppStore|x86.Build.0 = Release|x86
		{9E8F500D-2A38-4A35-9F22-2833E2DF690D}.AppStore|x86.Deploy.0 = Release|x86
		{9E8F500D-2A38-4A35-9F22-2833E2DF690D}.Debug|Any CPU.ActiveCfg = Debug|Any CPU
		{9E8F500D-2A38-4A35-9F22-2833E2DF690D}.Debug|Any CPU.Build.0 = Debug|Any CPU
		{9E8F500D-2A38-4A35-9F22-2833E2DF690D}.Debug|ARM.ActiveCfg = Debug|ARM
		{9E8F500D-2A38-4A35-9F22-2833E2DF690D}.Debug|ARM.Build.0 = Debug|ARM
		{9E8F500D-2A38-4A35-9F22-2833E2DF690D}.Debug|ARM.Deploy.0 = Debug|ARM
		{9E8F500D-2A38-4A35-9F22-2833E2DF690D}.Debug|iPhone.ActiveCfg = Debug|Any CPU
		{9E8F500D-2A38-4A35-9F22-2833E2DF690D}.Debug|iPhone.Build.0 = Debug|Any CPU
		{9E8F500D-2A38-4A35-9F22-2833E2DF690D}.Debug|iPhone.Deploy.0 = Debug|Any CPU
		{9E8F500D-2A38-4A35-9F22-2833E2DF690D}.Debug|iPhoneSimulator.ActiveCfg = Debug|Any CPU
		{9E8F500D-2A38-4A35-9F22-2833E2DF690D}.Debug|iPhoneSimulator.Build.0 = Debug|Any CPU
		{9E8F500D-2A38-4A35-9F22-2833E2DF690D}.Debug|iPhoneSimulator.Deploy.0 = Debug|Any CPU
		{9E8F500D-2A38-4A35-9F22-2833E2DF690D}.Debug|x64.ActiveCfg = Debug|x64
		{9E8F500D-2A38-4A35-9F22-2833E2DF690D}.Debug|x64.Build.0 = Debug|x64
		{9E8F500D-2A38-4A35-9F22-2833E2DF690D}.Debug|x64.Deploy.0 = Debug|x64
		{9E8F500D-2A38-4A35-9F22-2833E2DF690D}.Debug|x86.ActiveCfg = Debug|x86
		{9E8F500D-2A38-4A35-9F22-2833E2DF690D}.Debug|x86.Build.0 = Debug|x86
		{9E8F500D-2A38-4A35-9F22-2833E2DF690D}.Debug|x86.Deploy.0 = Debug|x86
		{9E8F500D-2A38-4A35-9F22-2833E2DF690D}.Release|Any CPU.ActiveCfg = Release|Any CPU
		{9E8F500D-2A38-4A35-9F22-2833E2DF690D}.Release|Any CPU.Build.0 = Release|Any CPU
		{9E8F500D-2A38-4A35-9F22-2833E2DF690D}.Release|Any CPU.Deploy.0 = Release|Any CPU
		{9E8F500D-2A38-4A35-9F22-2833E2DF690D}.Release|ARM.ActiveCfg = Release|ARM
		{9E8F500D-2A38-4A35-9F22-2833E2DF690D}.Release|ARM.Build.0 = Release|ARM
		{9E8F500D-2A38-4A35-9F22-2833E2DF690D}.Release|ARM.Deploy.0 = Release|ARM
		{9E8F500D-2A38-4A35-9F22-2833E2DF690D}.Release|iPhone.ActiveCfg = Release|Any CPU
		{9E8F500D-2A38-4A35-9F22-2833E2DF690D}.Release|iPhone.Build.0 = Release|Any CPU
		{9E8F500D-2A38-4A35-9F22-2833E2DF690D}.Release|iPhone.Deploy.0 = Release|Any CPU
		{9E8F500D-2A38-4A35-9F22-2833E2DF690D}.Release|iPhoneSimulator.ActiveCfg = Release|Any CPU
		{9E8F500D-2A38-4A35-9F22-2833E2DF690D}.Release|iPhoneSimulator.Build.0 = Release|Any CPU
		{9E8F500D-2A38-4A35-9F22-2833E2DF690D}.Release|iPhoneSimulator.Deploy.0 = Release|Any CPU
		{9E8F500D-2A38-4A35-9F22-2833E2DF690D}.Release|x64.ActiveCfg = Release|x64
		{9E8F500D-2A38-4A35-9F22-2833E2DF690D}.Release|x64.Build.0 = Release|x64
		{9E8F500D-2A38-4A35-9F22-2833E2DF690D}.Release|x64.Deploy.0 = Release|x64
		{9E8F500D-2A38-4A35-9F22-2833E2DF690D}.Release|x86.ActiveCfg = Release|x86
		{9E8F500D-2A38-4A35-9F22-2833E2DF690D}.Release|x86.Build.0 = Release|x86
		{9E8F500D-2A38-4A35-9F22-2833E2DF690D}.Release|x86.Deploy.0 = Release|x86
		{F13E702F-D590-438A-8840-71BC71643CA8}.Ad-Hoc|Any CPU.ActiveCfg = Release|Any CPU
		{F13E702F-D590-438A-8840-71BC71643CA8}.Ad-Hoc|Any CPU.Build.0 = Release|Any CPU
		{F13E702F-D590-438A-8840-71BC71643CA8}.Ad-Hoc|ARM.ActiveCfg = Release|Any CPU
		{F13E702F-D590-438A-8840-71BC71643CA8}.Ad-Hoc|ARM.Build.0 = Release|Any CPU
		{F13E702F-D590-438A-8840-71BC71643CA8}.Ad-Hoc|iPhone.ActiveCfg = Release|Any CPU
		{F13E702F-D590-438A-8840-71BC71643CA8}.Ad-Hoc|iPhone.Build.0 = Release|Any CPU
		{F13E702F-D590-438A-8840-71BC71643CA8}.Ad-Hoc|iPhoneSimulator.ActiveCfg = Release|Any CPU
		{F13E702F-D590-438A-8840-71BC71643CA8}.Ad-Hoc|iPhoneSimulator.Build.0 = Release|Any CPU
		{F13E702F-D590-438A-8840-71BC71643CA8}.Ad-Hoc|x64.ActiveCfg = Release|Any CPU
		{F13E702F-D590-438A-8840-71BC71643CA8}.Ad-Hoc|x64.Build.0 = Release|Any CPU
		{F13E702F-D590-438A-8840-71BC71643CA8}.Ad-Hoc|x86.ActiveCfg = Release|Any CPU
		{F13E702F-D590-438A-8840-71BC71643CA8}.Ad-Hoc|x86.Build.0 = Release|Any CPU
		{F13E702F-D590-438A-8840-71BC71643CA8}.AppStore|Any CPU.ActiveCfg = Release|Any CPU
		{F13E702F-D590-438A-8840-71BC71643CA8}.AppStore|Any CPU.Build.0 = Release|Any CPU
		{F13E702F-D590-438A-8840-71BC71643CA8}.AppStore|ARM.ActiveCfg = Release|Any CPU
		{F13E702F-D590-438A-8840-71BC71643CA8}.AppStore|ARM.Build.0 = Release|Any CPU
		{F13E702F-D590-438A-8840-71BC71643CA8}.AppStore|iPhone.ActiveCfg = Release|Any CPU
		{F13E702F-D590-438A-8840-71BC71643CA8}.AppStore|iPhone.Build.0 = Release|Any CPU
		{F13E702F-D590-438A-8840-71BC71643CA8}.AppStore|iPhoneSimulator.ActiveCfg = Release|Any CPU
		{F13E702F-D590-438A-8840-71BC71643CA8}.AppStore|iPhoneSimulator.Build.0 = Release|Any CPU
		{F13E702F-D590-438A-8840-71BC71643CA8}.AppStore|x64.ActiveCfg = Release|Any CPU
		{F13E702F-D590-438A-8840-71BC71643CA8}.AppStore|x64.Build.0 = Release|Any CPU
		{F13E702F-D590-438A-8840-71BC71643CA8}.AppStore|x86.ActiveCfg = Release|Any CPU
		{F13E702F-D590-438A-8840-71BC71643CA8}.AppStore|x86.Build.0 = Release|Any CPU
		{F13E702F-D590-438A-8840-71BC71643CA8}.Debug|Any CPU.ActiveCfg = Debug|Any CPU
		{F13E702F-D590-438A-8840-71BC71643CA8}.Debug|Any CPU.Build.0 = Debug|Any CPU
		{F13E702F-D590-438A-8840-71BC71643CA8}.Debug|ARM.ActiveCfg = Debug|Any CPU
		{F13E702F-D590-438A-8840-71BC71643CA8}.Debug|ARM.Build.0 = Debug|Any CPU
		{F13E702F-D590-438A-8840-71BC71643CA8}.Debug|iPhone.ActiveCfg = Debug|Any CPU
		{F13E702F-D590-438A-8840-71BC71643CA8}.Debug|iPhone.Build.0 = Debug|Any CPU
		{F13E702F-D590-438A-8840-71BC71643CA8}.Debug|iPhoneSimulator.ActiveCfg = Debug|Any CPU
		{F13E702F-D590-438A-8840-71BC71643CA8}.Debug|iPhoneSimulator.Build.0 = Debug|Any CPU
		{F13E702F-D590-438A-8840-71BC71643CA8}.Debug|x64.ActiveCfg = Debug|Any CPU
		{F13E702F-D590-438A-8840-71BC71643CA8}.Debug|x64.Build.0 = Debug|Any CPU
		{F13E702F-D590-438A-8840-71BC71643CA8}.Debug|x86.ActiveCfg = Debug|Any CPU
		{F13E702F-D590-438A-8840-71BC71643CA8}.Debug|x86.Build.0 = Debug|Any CPU
		{F13E702F-D590-438A-8840-71BC71643CA8}.Release|Any CPU.ActiveCfg = Release|Any CPU
		{F13E702F-D590-438A-8840-71BC71643CA8}.Release|Any CPU.Build.0 = Release|Any CPU
		{F13E702F-D590-438A-8840-71BC71643CA8}.Release|ARM.ActiveCfg = Release|Any CPU
		{F13E702F-D590-438A-8840-71BC71643CA8}.Release|ARM.Build.0 = Release|Any CPU
		{F13E702F-D590-438A-8840-71BC71643CA8}.Release|iPhone.ActiveCfg = Release|Any CPU
		{F13E702F-D590-438A-8840-71BC71643CA8}.Release|iPhone.Build.0 = Release|Any CPU
		{F13E702F-D590-438A-8840-71BC71643CA8}.Release|iPhoneSimulator.ActiveCfg = Release|Any CPU
		{F13E702F-D590-438A-8840-71BC71643CA8}.Release|iPhoneSimulator.Build.0 = Release|Any CPU
		{F13E702F-D590-438A-8840-71BC71643CA8}.Release|x64.ActiveCfg = Release|Any CPU
		{F13E702F-D590-438A-8840-71BC71643CA8}.Release|x64.Build.0 = Release|Any CPU
		{F13E702F-D590-438A-8840-71BC71643CA8}.Release|x86.ActiveCfg = Release|Any CPU
		{F13E702F-D590-438A-8840-71BC71643CA8}.Release|x86.Build.0 = Release|Any CPU
	EndGlobalSection
	GlobalSection(SolutionProperties) = preSolution
		HideSolutionNode = FALSE
	EndGlobalSection
EndGlobal
